// !$*UTF8*$!
{
	archiveVersion = 1;
	classes = {
	};
	objectVersion = 46;
	objects = {

/* Begin PBXBuildFile section */
		FA76E4A41C8040C70047F0FE /* FirstViewController.m in Sources */ = {isa = PBXBuildFile; fileRef = FA76E4A31C8040C70047F0FE /* FirstViewController.m */; };
		FA76E4A71C80458C0047F0FE /* RootViewController.m in Sources */ = {isa = PBXBuildFile; fileRef = FA76E4A61C80458C0047F0FE /* RootViewController.m */; };
		FA8FC5001CD0500E00A9CD37 /* XJHttpRequestManager.m in Sources */ = {isa = PBXBuildFile; fileRef = FA8FC4FB1CD0500E00A9CD37 /* XJHttpRequestManager.m */; };
		FA8FC5011CD0500E00A9CD37 /* XJRequestOperation.m in Sources */ = {isa = PBXBuildFile; fileRef = FA8FC4FD1CD0500E00A9CD37 /* XJRequestOperation.m */; };
		FA8FC5021CD0500E00A9CD37 /* XJSyncHttpNetWorkRequest.m in Sources */ = {isa = PBXBuildFile; fileRef = FA8FC4FF1CD0500E00A9CD37 /* XJSyncHttpNetWorkRequest.m */; };
		FAB02A251C7AB94000617A3D /* main.m in Sources */ = {isa = PBXBuildFile; fileRef = FAB02A241C7AB94000617A3D /* main.m */; };
		FAB02A281C7AB94000617A3D /* AppDelegate.m in Sources */ = {isa = PBXBuildFile; fileRef = FAB02A271C7AB94000617A3D /* AppDelegate.m */; };
		FAB02A2B1C7AB94000617A3D /* ViewController.m in Sources */ = {isa = PBXBuildFile; fileRef = FAB02A2A1C7AB94000617A3D /* ViewController.m */; };
		FAB02A2E1C7AB94000617A3D /* Main.storyboard in Resources */ = {isa = PBXBuildFile; fileRef = FAB02A2C1C7AB94000617A3D /* Main.storyboard */; };
		FAB02A311C7AB94000617A3D /* test01.xcdatamodeld in Sources */ = {isa = PBXBuildFile; fileRef = FAB02A2F1C7AB94000617A3D /* test01.xcdatamodeld */; };
		FAB02A331C7AB94000617A3D /* Assets.xcassets in Resources */ = {isa = PBXBuildFile; fileRef = FAB02A321C7AB94000617A3D /* Assets.xcassets */; };
		FAB02A361C7AB94000617A3D /* LaunchScreen.storyboard in Resources */ = {isa = PBXBuildFile; fileRef = FAB02A341C7AB94000617A3D /* LaunchScreen.storyboard */; };
		FAB02A411C7AB94000617A3D /* test01UITests.m in Sources */ = {isa = PBXBuildFile; fileRef = FAB02A401C7AB94000617A3D /* test01UITests.m */; };
/* End PBXBuildFile section */

/* Begin PBXContainerItemProxy section */
		FAB02A3D1C7AB94000617A3D /* PBXContainerItemProxy */ = {
			isa = PBXContainerItemProxy;
			containerPortal = FAB02A181C7AB94000617A3D /* Project object */;
			proxyType = 1;
			remoteGlobalIDString = FAB02A1F1C7AB94000617A3D;
			remoteInfo = test01;
		};
/* End PBXContainerItemProxy section */

/* Begin PBXFileReference section */
		FA76E4A21C8040C70047F0FE /* FirstViewController.h */ = {isa = PBXFileReference; fileEncoding = 4; lastKnownFileType = sourcecode.c.h; path = FirstViewController.h; sourceTree = "<group>"; };
		FA76E4A31C8040C70047F0FE /* FirstViewController.m */ = {isa = PBXFileReference; fileEncoding = 4; lastKnownFileType = sourcecode.c.objc; path = FirstViewController.m; sourceTree = "<group>"; };
		FA76E4A51C80458C0047F0FE /* RootViewController.h */ = {isa = PBXFileReference; fileEncoding = 4; lastKnownFileType = sourcecode.c.h; path = RootViewController.h; sourceTree = "<group>"; };
		FA76E4A61C80458C0047F0FE /* RootViewController.m */ = {isa = PBXFileReference; fileEncoding = 4; lastKnownFileType = sourcecode.c.objc; path = RootViewController.m; sourceTree = "<group>"; };
		FA8FC4FA1CD0500E00A9CD37 /* XJHttpRequestManager.h */ = {isa = PBXFileReference; fileEncoding = 4; lastKnownFileType = sourcecode.c.h; path = XJHttpRequestManager.h; sourceTree = "<group>"; };
		FA8FC4FB1CD0500E00A9CD37 /* XJHttpRequestManager.m */ = {isa = PBXFileReference; fileEncoding = 4; lastKnownFileType = sourcecode.c.objc; path = XJHttpRequestManager.m; sourceTree = "<group>"; };
		FA8FC4FC1CD0500E00A9CD37 /* XJRequestOperation.h */ = {isa = PBXFileReference; fileEncoding = 4; lastKnownFileType = sourcecode.c.h; path = XJRequestOperation.h; sourceTree = "<group>"; };
		FA8FC4FD1CD0500E00A9CD37 /* XJRequestOperation.m */ = {isa = PBXFileReference; fileEncoding = 4; lastKnownFileType = sourcecode.c.objc; path = XJRequestOperation.m; sourceTree = "<group>"; };
		FA8FC4FE1CD0500E00A9CD37 /* XJSyncHttpNetWorkRequest.h */ = {isa = PBXFileReference; fileEncoding = 4; lastKnownFileType = sourcecode.c.h; path = XJSyncHttpNetWorkRequest.h; sourceTree = "<group>"; };
		FA8FC4FF1CD0500E00A9CD37 /* XJSyncHttpNetWorkRequest.m */ = {isa = PBXFileReference; fileEncoding = 4; lastKnownFileType = sourcecode.c.objc; path = XJSyncHttpNetWorkRequest.m; sourceTree = "<group>"; };
		FAB02A201C7AB94000617A3D /* test01.app */ = {isa = PBXFileReference; explicitFileType = wrapper.application; includeInIndex = 0; path = test01.app; sourceTree = BUILT_PRODUCTS_DIR; };
		FAB02A241C7AB94000617A3D /* main.m */ = {isa = PBXFileReference; lastKnownFileType = sourcecode.c.objc; path = main.m; sourceTree = "<group>"; };
		FAB02A261C7AB94000617A3D /* AppDelegate.h */ = {isa = PBXFileReference; lastKnownFileType = sourcecode.c.h; path = AppDelegate.h; sourceTree = "<group>"; };
		FAB02A271C7AB94000617A3D /* AppDelegate.m */ = {isa = PBXFileReference; lastKnownFileType = sourcecode.c.objc; path = AppDelegate.m; sourceTree = "<group>"; };
		FAB02A291C7AB94000617A3D /* ViewController.h */ = {isa = PBXFileReference; lastKnownFileType = sourcecode.c.h; path = ViewController.h; sourceTree = "<group>"; };
		FAB02A2A1C7AB94000617A3D /* ViewController.m */ = {isa = PBXFileReference; lastKnownFileType = sourcecode.c.objc; path = ViewController.m; sourceTree = "<group>"; };
		FAB02A2D1C7AB94000617A3D /* Base */ = {isa = PBXFileReference; lastKnownFileType = file.storyboard; name = Base; path = Base.lproj/Main.storyboard; sourceTree = "<group>"; };
		FAB02A301C7AB94000617A3D /* test01.xcdatamodel */ = {isa = PBXFileReference; lastKnownFileType = wrapper.xcdatamodel; path = test01.xcdatamodel; sourceTree = "<group>"; };
		FAB02A321C7AB94000617A3D /* Assets.xcassets */ = {isa = PBXFileReference; lastKnownFileType = folder.assetcatalog; path = Assets.xcassets; sourceTree = "<group>"; };
		FAB02A351C7AB94000617A3D /* Base */ = {isa = PBXFileReference; lastKnownFileType = file.storyboard; name = Base; path = Base.lproj/LaunchScreen.storyboard; sourceTree = "<group>"; };
		FAB02A371C7AB94000617A3D /* Info.plist */ = {isa = PBXFileReference; lastKnownFileType = text.plist.xml; path = Info.plist; sourceTree = "<group>"; };
		FAB02A3C1C7AB94000617A3D /* test01UITests.xctest */ = {isa = PBXFileReference; explicitFileType = wrapper.cfbundle; includeInIndex = 0; path = test01UITests.xctest; sourceTree = BUILT_PRODUCTS_DIR; };
		FAB02A401C7AB94000617A3D /* test01UITests.m */ = {isa = PBXFileReference; lastKnownFileType = sourcecode.c.objc; path = test01UITests.m; sourceTree = "<group>"; };
		FAB02A421C7AB94000617A3D /* Info.plist */ = {isa = PBXFileReference; lastKnownFileType = text.plist.xml; path = Info.plist; sourceTree = "<group>"; };
/* End PBXFileReference section */

/* Begin PBXFrameworksBuildPhase section */
		FAB02A1D1C7AB94000617A3D /* Frameworks */ = {
			isa = PBXFrameworksBuildPhase;
			buildActionMask = 2147483647;
			files = (
			);
			runOnlyForDeploymentPostprocessing = 0;
		};
		FAB02A391C7AB94000617A3D /* Frameworks */ = {
			isa = PBXFrameworksBuildPhase;
			buildActionMask = 2147483647;
			files = (
			);
			runOnlyForDeploymentPostprocessing = 0;
		};
/* End PBXFrameworksBuildPhase section */

/* Begin PBXGroup section */
		FA8FC4F91CD0500E00A9CD37 /* net */ = {
			isa = PBXGroup;
			children = (
				FA8FC4FA1CD0500E00A9CD37 /* XJHttpRequestManager.h */,
				FA8FC4FB1CD0500E00A9CD37 /* XJHttpRequestManager.m */,
				FA8FC4FC1CD0500E00A9CD37 /* XJRequestOperation.h */,
				FA8FC4FD1CD0500E00A9CD37 /* XJRequestOperation.m */,
				FA8FC4FE1CD0500E00A9CD37 /* XJSyncHttpNetWorkRequest.h */,
				FA8FC4FF1CD0500E00A9CD37 /* XJSyncHttpNetWorkRequest.m */,
			);
			path = net;
			sourceTree = "<group>";
		};
		FAB02A171C7AB94000617A3D = {
			isa = PBXGroup;
			children = (
				FAB02A221C7AB94000617A3D /* test01 */,
				FAB02A3F1C7AB94000617A3D /* test01UITests */,
				FAB02A211C7AB94000617A3D /* Products */,
			);
			sourceTree = "<group>";
		};
		FAB02A211C7AB94000617A3D /* Products */ = {
			isa = PBXGroup;
			children = (
				FAB02A201C7AB94000617A3D /* test01.app */,
				FAB02A3C1C7AB94000617A3D /* test01UITests.xctest */,
			);
			name = Products;
			sourceTree = "<group>";
		};
		FAB02A221C7AB94000617A3D /* test01 */ = {
			isa = PBXGroup;
			children = (
				FA8FC4F91CD0500E00A9CD37 /* net */,
				FAB02A261C7AB94000617A3D /* AppDelegate.h */,
				FAB02A271C7AB94000617A3D /* AppDelegate.m */,
				FA76E4A51C80458C0047F0FE /* RootViewController.h */,
				FA76E4A61C80458C0047F0FE /* RootViewController.m */,
				FAB02A291C7AB94000617A3D /* ViewController.h */,
				FAB02A2A1C7AB94000617A3D /* ViewController.m */,
				FA76E4A21C8040C70047F0FE /* FirstViewController.h */,
				FA76E4A31C8040C70047F0FE /* FirstViewController.m */,
				FAB02A2C1C7AB94000617A3D /* Main.storyboard */,
				FAB02A321C7AB94000617A3D /* Assets.xcassets */,
				FAB02A341C7AB94000617A3D /* LaunchScreen.storyboard */,
				FAB02A371C7AB94000617A3D /* Info.plist */,
				FAB02A2F1C7AB94000617A3D /* test01.xcdatamodeld */,
				FAB02A231C7AB94000617A3D /* Supporting Files */,
			);
			path = test01;
			sourceTree = "<group>";
		};
		FAB02A231C7AB94000617A3D /* Supporting Files */ = {
			isa = PBXGroup;
			children = (
				FAB02A241C7AB94000617A3D /* main.m */,
			);
			name = "Supporting Files";
			sourceTree = "<group>";
		};
		FAB02A3F1C7AB94000617A3D /* test01UITests */ = {
			isa = PBXGroup;
			children = (
				FAB02A401C7AB94000617A3D /* test01UITests.m */,
				FAB02A421C7AB94000617A3D /* Info.plist */,
			);
			path = test01UITests;
			sourceTree = "<group>";
		};
/* End PBXGroup section */

/* Begin PBXNativeTarget section */
		FAB02A1F1C7AB94000617A3D /* test01 */ = {
			isa = PBXNativeTarget;
			buildConfigurationList = FAB02A451C7AB94000617A3D /* Build configuration list for PBXNativeTarget "test01" */;
			buildPhases = (
				FAB02A1C1C7AB94000617A3D /* Sources */,
				FAB02A1D1C7AB94000617A3D /* Frameworks */,
				FAB02A1E1C7AB94000617A3D /* Resources */,
			);
			buildRules = (
			);
			dependencies = (
			);
			name = test01;
			productName = test01;
			productReference = FAB02A201C7AB94000617A3D /* test01.app */;
			productType = "com.apple.product-type.application";
		};
		FAB02A3B1C7AB94000617A3D /* test01UITests */ = {
			isa = PBXNativeTarget;
			buildConfigurationList = FAB02A481C7AB94000617A3D /* Build configuration list for PBXNativeTarget "test01UITests" */;
			buildPhases = (
				FAB02A381C7AB94000617A3D /* Sources */,
				FAB02A391C7AB94000617A3D /* Frameworks */,
				FAB02A3A1C7AB94000617A3D /* Resources */,
			);
			buildRules = (
			);
			dependencies = (
				FAB02A3E1C7AB94000617A3D /* PBXTargetDependency */,
			);
			name = test01UITests;
			productName = test01UITests;
			productReference = FAB02A3C1C7AB94000617A3D /* test01UITests.xctest */;
			productType = "com.apple.product-type.bundle.ui-testing";
		};
/* End PBXNativeTarget section */

/* Begin PBXProject section */
		FAB02A181C7AB94000617A3D /* Project object */ = {
			isa = PBXProject;
			attributes = {
				LastUpgradeCheck = 0710;
				ORGANIZATIONNAME = liyunqin;
				TargetAttributes = {
					FAB02A1F1C7AB94000617A3D = {
						CreatedOnToolsVersion = 7.1;
					};
					FAB02A3B1C7AB94000617A3D = {
						CreatedOnToolsVersion = 7.1;
						TestTargetID = FAB02A1F1C7AB94000617A3D;
					};
				};
			};
			buildConfigurationList = FAB02A1B1C7AB94000617A3D /* Build configuration list for PBXProject "test01" */;
			compatibilityVersion = "Xcode 3.2";
			developmentRegion = English;
			hasScannedForEncodings = 0;
			knownRegions = (
				en,
				Base,
			);
			mainGroup = FAB02A171C7AB94000617A3D;
			productRefGroup = FAB02A211C7AB94000617A3D /* Products */;
			projectDirPath = "";
			projectRoot = "";
			targets = (
				FAB02A1F1C7AB94000617A3D /* test01 */,
				FAB02A3B1C7AB94000617A3D /* test01UITests */,
			);
		};
/* End PBXProject section */

/* Begin PBXResourcesBuildPhase section */
		FAB02A1E1C7AB94000617A3D /* Resources */ = {
			isa = PBXResourcesBuildPhase;
			buildActionMask = 2147483647;
			files = (
				FAB02A361C7AB94000617A3D /* LaunchScreen.storyboard in Resources */,
				FAB02A331C7AB94000617A3D /* Assets.xcassets in Resources */,
				FAB02A2E1C7AB94000617A3D /* Main.storyboard in Resources */,
			);
			runOnlyForDeploymentPostprocessing = 0;
		};
		FAB02A3A1C7AB94000617A3D /* Resources */ = {
			isa = PBXResourcesBuildPhase;
			buildActionMask = 2147483647;
			files = (
			);
			runOnlyForDeploymentPostprocessing = 0;
		};
/* End PBXResourcesBuildPhase section */

/* Begin PBXSourcesBuildPhase section */
		FAB02A1C1C7AB94000617A3D /* Sources */ = {
			isa = PBXSourcesBuildPhase;
			buildActionMask = 2147483647;
			files = (
				FAB02A311C7AB94000617A3D /* test01.xcdatamodeld in Sources */,
				FAB02A2B1C7AB94000617A3D /* ViewController.m in Sources */,
				FA76E4A71C80458C0047F0FE /* RootViewController.m in Sources */,
				FA8FC5011CD0500E00A9CD37 /* XJRequestOperation.m in Sources */,
				FA76E4A41C8040C70047F0FE /* FirstViewController.m in Sources */,
				FA8FC5021CD0500E00A9CD37 /* XJSyncHttpNetWorkRequest.m in Sources */,
				FAB02A281C7AB94000617A3D /* AppDelegate.m in Sources */,
				FAB02A251C7AB94000617A3D /* main.m in Sources */,
				FA8FC5001CD0500E00A9CD37 /* XJHttpRequestManager.m in Sources */,
			);
			runOnlyForDeploymentPostprocessing = 0;
		};
		FAB02A381C7AB94000617A3D /* Sources */ = {
			isa = PBXSourcesBuildPhase;
			buildActionMask = 2147483647;
			files = (
				FAB02A411C7AB94000617A3D /* test01UITests.m in Sources */,
			);
			runOnlyForDeploymentPostprocessing = 0;
		};
/* End PBXSourcesBuildPhase section */

/* Begin PBXTargetDependency section */
		FAB02A3E1C7AB94000617A3D /* PBXTargetDependency */ = {
			isa = PBXTargetDependency;
			target = FAB02A1F1C7AB94000617A3D /* test01 */;
			targetProxy = FAB02A3D1C7AB94000617A3D /* PBXContainerItemProxy */;
		};
/* End PBXTargetDependency section */

/* Begin PBXVariantGroup section */
		FAB02A2C1C7AB94000617A3D /* Main.storyboard */ = {
			isa = PBXVariantGroup;
			children = (
				FAB02A2D1C7AB94000617A3D /* Base */,
			);
			name = Main.storyboard;
			sourceTree = "<group>";
		};
		FAB02A341C7AB94000617A3D /* LaunchScreen.storyboard */ = {
			isa = PBXVariantGroup;
			children = (
				FAB02A351C7AB94000617A3D /* Base */,
			);
			name = LaunchScreen.storyboard;
			sourceTree = "<group>";
		};
/* End PBXVariantGroup section */

/* Begin XCBuildConfiguration section */
		FAB02A431C7AB94000617A3D /* Debug */ = {
			isa = XCBuildConfiguration;
			buildSettings = {
				ALWAYS_SEARCH_USER_PATHS = NO;
				CLANG_CXX_LANGUAGE_STANDARD = "gnu++0x";
				CLANG_CXX_LIBRARY = "libc++";
				CLANG_ENABLE_MODULES = YES;
				CLANG_ENABLE_OBJC_ARC = YES;
				CLANG_WARN_BOOL_CONVERSION = YES;
				CLANG_WARN_CONSTANT_CONVERSION = YES;
				CLANG_WARN_DIRECT_OBJC_ISA_USAGE = YES_ERROR;
				CLANG_WARN_EMPTY_BODY = YES;
				CLANG_WARN_ENUM_CONVERSION = YES;
				CLANG_WARN_INT_CONVERSION = YES;
				CLANG_WARN_OBJC_ROOT_CLASS = YES_ERROR;
				CLANG_WARN_UNREACHABLE_CODE = YES;
				CLANG_WARN__DUPLICATE_METHOD_MATCH = YES;
				CODE_SIGN_IDENTITY = "iPhone Distribution: China Central Television";
				"CODE_SIGN_IDENTITY[sdk=iphoneos*]" = "iPhone Distribution: China Central Television";
				COPY_PHASE_STRIP = NO;
				DEBUG_INFORMATION_FORMAT = dwarf;
				ENABLE_STRICT_OBJC_MSGSEND = YES;
				ENABLE_TESTABILITY = YES;
				GCC_C_LANGUAGE_STANDARD = gnu99;
				GCC_DYNAMIC_NO_PIC = NO;
				GCC_NO_COMMON_BLOCKS = YES;
				GCC_OPTIMIZATION_LEVEL = 0;
				GCC_PREPROCESSOR_DEFINITIONS = (
					"DEBUG=1",
					"$(inherited)",
				);
				GCC_WARN_64_TO_32_BIT_CONVERSION = YES;
				GCC_WARN_ABOUT_RETURN_TYPE = YES_ERROR;
				GCC_WARN_UNDECLARED_SELECTOR = YES;
				GCC_WARN_UNINITIALIZED_AUTOS = YES_AGGRESSIVE;
				GCC_WARN_UNUSED_FUNCTION = YES;
				GCC_WARN_UNUSED_VARIABLE = YES;
				IPHONEOS_DEPLOYMENT_TARGET = 7.0;
				MTL_ENABLE_DEBUG_INFO = YES;
				ONLY_ACTIVE_ARCH = YES;
				PROVISIONING_PROFILE = "e5868a20-9779-4556-91df-eea1a8779113";
				SDKROOT = iphoneos8.4;
				TARGETED_DEVICE_FAMILY = 2;
			};
			name = Debug;
		};
		FAB02A441C7AB94000617A3D /* Release */ = {
			isa = XCBuildConfiguration;
			buildSettings = {
				ALWAYS_SEARCH_USER_PATHS = NO;
				CLANG_CXX_LANGUAGE_STANDARD = "gnu++0x";
				CLANG_CXX_LIBRARY = "libc++";
				CLANG_ENABLE_MODULES = YES;
				CLANG_ENABLE_OBJC_ARC = YES;
				CLANG_WARN_BOOL_CONVERSION = YES;
				CLANG_WARN_CONSTANT_CONVERSION = YES;
				CLANG_WARN_DIRECT_OBJC_ISA_USAGE = YES_ERROR;
				CLANG_WARN_EMPTY_BODY = YES;
				CLANG_WARN_ENUM_CONVERSION = YES;
				CLANG_WARN_INT_CONVERSION = YES;
				CLANG_WARN_OBJC_ROOT_CLASS = YES_ERROR;
				CLANG_WARN_UNREACHABLE_CODE = YES;
				CLANG_WARN__DUPLICATE_METHOD_MATCH = YES;
				CODE_SIGN_IDENTITY = "iPhone Distribution: China Central Television";
				"CODE_SIGN_IDENTITY[sdk=iphoneos*]" = "iPhone Distribution: China Central Television";
				COPY_PHASE_STRIP = NO;
				DEBUG_INFORMATION_FORMAT = "dwarf-with-dsym";
				ENABLE_NS_ASSERTIONS = NO;
				ENABLE_STRICT_OBJC_MSGSEND = YES;
				GCC_C_LANGUAGE_STANDARD = gnu99;
				GCC_NO_COMMON_BLOCKS = YES;
				GCC_WARN_64_TO_32_BIT_CONVERSION = YES;
				GCC_WARN_ABOUT_RETURN_TYPE = YES_ERROR;
				GCC_WARN_UNDECLARED_SELECTOR = YES;
				GCC_WARN_UNINITIALIZED_AUTOS = YES_AGGRESSIVE;
				GCC_WARN_UNUSED_FUNCTION = YES;
				GCC_WARN_UNUSED_VARIABLE = YES;
				IPHONEOS_DEPLOYMENT_TARGET = 7.0;
				MTL_ENABLE_DEBUG_INFO = NO;
				PROVISIONING_PROFILE = "e5868a20-9779-4556-91df-eea1a8779113";
				SDKROOT = iphoneos8.4;
				TARGETED_DEVICE_FAMILY = 2;
				VALIDATE_PRODUCT = YES;
			};
			name = Release;
		};
		FAB02A461C7AB94000617A3D /* Debug */ = {
			isa = XCBuildConfiguration;
			buildSettings = {
				ASSETCATALOG_COMPILER_APPICON_NAME = AppIcon;
				CODE_SIGN_IDENTITY = "iPhone Distribution: China Central Television";
				"CODE_SIGN_IDENTITY[sdk=iphoneos*]" = "iPhone Distribution: China Central Television";
				INFOPLIST_FILE = test01/Info.plist;
				IPHONEOS_DEPLOYMENT_TARGET = 7.0;
				LD_RUNPATH_SEARCH_PATHS = "$(inherited) @executable_path/Frameworks";
				PRODUCT_BUNDLE_IDENTIFIER = com.cctv.xuZbt;
				PRODUCT_NAME = "$(TARGET_NAME)";
				PROVISIONING_PROFILE = "e5868a20-9779-4556-91df-eea1a8779113";
				SDKROOT = iphoneos8.4;
				TARGETED_DEVICE_FAMILY = 1;
			};
			name = Debug;
		};
		FAB02A471C7AB94000617A3D /* Release */ = {
			isa = XCBuildConfiguration;
			buildSettings = {
				ASSETCATALOG_COMPILER_APPICON_NAME = AppIcon;
				CODE_SIGN_IDENTITY = "iPhone Distribution: China Central Television";
				"CODE_SIGN_IDENTITY[sdk=iphoneos*]" = "iPhone Distribution: China Central Television";
				INFOPLIST_FILE = test01/Info.plist;
				IPHONEOS_DEPLOYMENT_TARGET = 7.0;
				LD_RUNPATH_SEARCH_PATHS = "$(inherited) @executable_path/Frameworks";
				PRODUCT_BUNDLE_IDENTIFIER = com.cctv.xuZbt;
				PRODUCT_NAME = "$(TARGET_NAME)";
				PROVISIONING_PROFILE = "e5868a20-9779-4556-91df-eea1a8779113";
				SDKROOT = iphoneos8.4;
				TARGETED_DEVICE_FAMILY = 1;
			};
			name = Release;
		};
		FAB02A491C7AB94000617A3D /* Debug */ = {
			isa = XCBuildConfiguration;
			buildSettings = {
				INFOPLIST_FILE = test01UITests/Info.plist;
				LD_RUNPATH_SEARCH_PATHS = "$(inherited) @executable_path/Frameworks @loader_path/Frameworks";
				PRODUCT_BUNDLE_IDENTIFIER = CN.test01UITests;
				PRODUCT_NAME = "$(TARGET_NAME)";
				TEST_TARGET_NAME = test01;
				USES_XCTRUNNER = YES;
			};
			name = Debug;
		};
		FAB02A4A1C7AB94000617A3D /* Release */ = {
			isa = XCBuildConfiguration;
			buildSettings = {
				INFOPLIST_FILE = test01UITests/Info.plist;
				LD_RUNPATH_SEARCH_PATHS = "$(inherited) @executable_path/Frameworks @loader_path/Frameworks";
				PRODUCT_BUNDLE_IDENTIFIER = CN.test01UITests;
				PRODUCT_NAME = "$(TARGET_NAME)";
				TEST_TARGET_NAME = test01;
				USES_XCTRUNNER = YES;
			};
			name = Release;
		};
/* End XCBuildConfiguration section */

/* Begin XCConfigurationList section */
		FAB02A1B1C7AB94000617A3D /* Build configuration list for PBXProject "test01" */ = {
			isa = XCConfigurationList;
			buildConfigurations = (
				FAB02A431C7AB94000617A3D /* Debug */,
				FAB02A441C7AB94000617A3D /* Release */,
			);
			defaultConfigurationIsVisible = 0;
			defaultConfigurationName = Release;
		};
		FAB02A451C7AB94000617A3D /* Build configuration list for PBXNativeTarget "test01" */ = {
			isa = XCConfigurationList;
			buildConfigurations = (
				FAB02A461C7AB94000617A3D /* Debug */,
				FAB02A471C7AB94000617A3D /* Release */,
			);
			defaultConfigurationIsVisible = 0;
			defaultConfigurationName = Release;
		};
		FAB02A481C7AB94000617A3D /* Build configuration list for PBXNativeTarget "test01UITests" */ = {
			isa = XCConfigurationList;
			buildConfigurations = (
				FAB02A491C7AB94000617A3D /* Debug */,
				FAB02A4A1C7AB94000617A3D /* Release */,
			);
			defaultConfigurationIsVisible = 0;
			defaultConfigurationName = Release;
		};
/* End XCConfigurationList section */

/* Begin XCVersionGroup section */
		FAB02A2F1C7AB94000617A3D /* test01.xcdatamodeld */ = {
			isa = XCVersionGroup;
			children = (
				FAB02A301C7AB94000617A3D /* test01.xcdatamodel */,
			);
			currentVersion = FAB02A301C7AB94000617A3D /* test01.xcdatamodel */;
			path = test01.xcdatamodeld;
			sourceTree = "<group>";
			versionGroupType = wrapper.xcdatamodel;
		};
/* End XCVersionGroup section */
	};
	rootObject = FAB02A181C7AB94000617A3D /* Project object */;
}
